
Microsoft Visual Studio Solution File, Format Version 12.00
# Visual Studio Version 17
VisualStudioVersion = 17.8.34525.116
MinimumVisualStudioVersion = 10.0.40219.1
Project("{FAE04EC0-301F-11D3-BF4B-00C04F79EFBC}") = "MarksUpdater", "MarksUpdater\MarksUpdater.csproj", "{67CFA35B-606A-42E9-8294-F20471D23432}"
EndProject
Global
	GlobalSection(SolutionConfigurationPlatforms) = preSolution
		Debug|Any CPU = Debug|Any CPU
		Release|Any CPU = Release|Any CPU
	EndGlobalSection
	GlobalSection(ProjectConfigurationPlatforms) = postSolution
		{67CFA35B-606A-42E9-8294-F20471D23432}.Debug|Any CPU.ActiveCfg = Debug|Any CPU
		{67CFA35B-606A-42E9-8294-F20471D23432}.Debug|Any CPU.Build.0 = Debug|Any CPU
		{67CFA35B-606A-42E9-8294-F20471D23432}.Release|Any CPU.ActiveCfg = Release|Any CPU
		{67CFA35B-606A-42E9-8294-F20471D23432}.Release|Any CPU.Build.0 = Release|Any CPU
	EndGlobalSection
	GlobalSection(SolutionProperties) = preSolution
		HideSolutionNode = FALSE
	EndGlobalSection
	GlobalSection(ExtensibilityGlobals) = postSolution
		SolutionGuid = {72939BDF-CB88-47C8-8007-93B39190FE6E}
	EndGlobalSection
EndGlobal
